PODS:
  - LookinServer (1.2.6):
    - LookinServer/Core (= 1.2.6)
  - LookinServer/Core (1.2.6)

DEPENDENCIES:
  - LookinServer

SPEC REPOS:
  https://github.com/CocoaPods/Specs.git:
    - LookinServer

SPEC CHECKSUMS:
  LookinServer: de929b55f8fa2e241c18c39af3f900eaa9166389

PODFILE CHECKSUM: 65823322f45c8ee3e304f568f390fd707973403a

COCOAPODS: 1.14.3
