// !$*UTF8*$!
{
	archiveVersion = 1;
	classes = {
	};
	objectVersion = 56;
	objects = {

/* Begin PBXBuildFile section */
		19DD324285E40DB9BA37BD5D /* NSObject+DemoDelayRunLoop.m in Sources */ = {isa = PBXBuildFile; fileRef = 19DD3483295A2FA7A89D4C72 /* NSObject+DemoDelayRunLoop.m */; };
		19DD343A9086409294B9C90F /* BaseTestListViewController.m in Sources */ = {isa = PBXBuildFile; fileRef = 19DD3A22B4C7F3E1C8179FE8 /* BaseTestListViewController.m */; };
		19DD367B0620DC30EBAA053F /* NSObject+DemoRuntimeInvoke.m in Sources */ = {isa = PBXBuildFile; fileRef = 19DD3758C7B6CE8F757B4DCD /* NSObject+DemoRuntimeInvoke.m */; };
		19DD36B6084CE2B29AFA111E /* KaiNormalObj.m in Sources */ = {isa = PBXBuildFile; fileRef = 19DD33A9D5ECC3F5C8A9043C /* KaiNormalObj.m */; };
		19DD3CF6BEF8D1419B9B276D /* ZaTestListViewController.m in Sources */ = {isa = PBXBuildFile; fileRef = 19DD3EA777DE4D94367FDCCE /* ZaTestListViewController.m */; };
		19DD3D285FF5B8495E27640A /* DemoJsConsoleProtocol.m in Sources */ = {isa = PBXBuildFile; fileRef = 19DD356E33FC3912CF5AF489 /* DemoJsConsoleProtocol.m */; };
		19DD3E0F7169E16F6976C045 /* KaiObjProxy.m in Sources */ = {isa = PBXBuildFile; fileRef = 19DD30725BDD0BE8B531743C /* KaiObjProxy.m */; };
		2A33203F2A023E3B0001CCA0 /* AppDelegate.m in Sources */ = {isa = PBXBuildFile; fileRef = 2A33203E2A023E3B0001CCA0 /* AppDelegate.m */; };
		2A3320422A023E3B0001CCA0 /* SceneDelegate.m in Sources */ = {isa = PBXBuildFile; fileRef = 2A3320412A023E3B0001CCA0 /* SceneDelegate.m */; };
		2A3320452A023E3B0001CCA0 /* PlaceholderViewController.m in Sources */ = {isa = PBXBuildFile; fileRef = 2A3320442A023E3B0001CCA0 /* PlaceholderViewController.m */; };
		2A3320482A023E3B0001CCA0 /* Main.storyboard in Resources */ = {isa = PBXBuildFile; fileRef = 2A3320462A023E3B0001CCA0 /* Main.storyboard */; };
		2A33204A2A023E3C0001CCA0 /* MainAssets.xcassets in Resources */ = {isa = PBXBuildFile; fileRef = 2A3320492A023E3C0001CCA0 /* MainAssets.xcassets */; };
		2A33204D2A023E3C0001CCA0 /* LaunchScreen.storyboard in Resources */ = {isa = PBXBuildFile; fileRef = 2A33204B2A023E3C0001CCA0 /* LaunchScreen.storyboard */; };
		2A3320502A023E3C0001CCA0 /* main.m in Sources */ = {isa = PBXBuildFile; fileRef = 2A33204F2A023E3C0001CCA0 /* main.m */; };
		2A33205A2A023E3D0001CCA0 /* KaiDemoTests.m in Sources */ = {isa = PBXBuildFile; fileRef = 2A3320592A023E3D0001CCA0 /* KaiDemoTests.m */; };
		2A3320642A023E3D0001CCA0 /* KaiDemoUITests.m in Sources */ = {isa = PBXBuildFile; fileRef = 2A3320632A023E3D0001CCA0 /* KaiDemoUITests.m */; };
		2A3320662A023E3D0001CCA0 /* KaiDemoUITestsLaunchTests.m in Sources */ = {isa = PBXBuildFile; fileRef = 2A3320652A023E3D0001CCA0 /* KaiDemoUITestsLaunchTests.m */; };
		2A6643B32A26128C00DCFB26 /* KaiPerson.m in Sources */ = {isa = PBXBuildFile; fileRef = 2A6643B22A26128C00DCFB26 /* KaiPerson.m */; };
		2A6643B62A2613B600DCFB26 /* DemoRuntimeUtils.m in Sources */ = {isa = PBXBuildFile; fileRef = 2A6643B52A2613B600DCFB26 /* DemoRuntimeUtils.m */; };
		2A9A73D22A02573400E9C47A /* DemoSwitchTabBarController.m in Sources */ = {isa = PBXBuildFile; fileRef = 2A9A73D12A02573400E9C47A /* DemoSwitchTabBarController.m */; };
		2A9A73D52A0257B400E9C47A /* AboutViewController.swift in Sources */ = {isa = PBXBuildFile; fileRef = 2A9A73D42A0257B400E9C47A /* AboutViewController.swift */; };
		2A9A73D72A026DD800E9C47A /* DemoLaunchBkg.jpg in Resources */ = {isa = PBXBuildFile; fileRef = 2A9A73D62A026DD800E9C47A /* DemoLaunchBkg.jpg */; };
		2A9A73E02A076D1800E9C47A /* GCDTestViewController.m in Sources */ = {isa = PBXBuildFile; fileRef = 2A9A73DF2A076D1800E9C47A /* GCDTestViewController.m */; };
		2A9A73E42A07A83300E9C47A /* JSCoreTestViewController.m in Sources */ = {isa = PBXBuildFile; fileRef = 2A9A73E32A07A83300E9C47A /* JSCoreTestViewController.m */; };
		2A9A73E62A07AB6700E9C47A /* testCommon.js in Resources */ = {isa = PBXBuildFile; fileRef = 2A9A73E52A07AB5E00E9C47A /* testCommon.js */; };
		2A9A73EA2A07B34E00E9C47A /* DemoBizInitialize.m in Sources */ = {isa = PBXBuildFile; fileRef = 2A9A73E92A07B34E00E9C47A /* DemoBizInitialize.m */; };
		2A9A73F02A07BDC900E9C47A /* DemoToast.m in Sources */ = {isa = PBXBuildFile; fileRef = 2A9A73EF2A07BDC900E9C47A /* DemoToast.m */; };
		2A9A73F62A07DAB300E9C47A /* DemoScreenUtils.m in Sources */ = {isa = PBXBuildFile; fileRef = 2A9A73F52A07DAB300E9C47A /* DemoScreenUtils.m */; };
		2A9A73F92A07DC9600E9C47A /* DemoWindowUtils.m in Sources */ = {isa = PBXBuildFile; fileRef = 2A9A73F82A07DC9600E9C47A /* DemoWindowUtils.m */; };
		2A9A73FC2A07E4E500E9C47A /* DemoJSON.m in Sources */ = {isa = PBXBuildFile; fileRef = 2A9A73FB2A07E4E500E9C47A /* DemoJSON.m */; };
		2A9A73FF2A0A646D00E9C47A /* DemoTextInputView.m in Sources */ = {isa = PBXBuildFile; fileRef = 2A9A73FE2A0A646D00E9C47A /* DemoTextInputView.m */; };
		2A9A74022A0A8B1200E9C47A /* OCTestData.m in Sources */ = {isa = PBXBuildFile; fileRef = 2A9A74012A0A8B1200E9C47A /* OCTestData.m */; };
		2A9A74042A0A8C5A00E9C47A /* TestSwiftSyntax.swift in Sources */ = {isa = PBXBuildFile; fileRef = 2A9A74032A0A8C5A00E9C47A /* TestSwiftSyntax.swift */; };
		2A9A74062A0BB00700E9C47A /* BMIViewController.swift in Sources */ = {isa = PBXBuildFile; fileRef = 2A9A74052A0BB00600E9C47A /* BMIViewController.swift */; };
		2A9A74092A0BB0C100E9C47A /* BMICalc.swift in Sources */ = {isa = PBXBuildFile; fileRef = 2A9A74082A0BB0C100E9C47A /* BMICalc.swift */; };
		2A9A740B2A0BD3CC00E9C47A /* IntExtension.swift in Sources */ = {isa = PBXBuildFile; fileRef = 2A9A740A2A0BD3CC00E9C47A /* IntExtension.swift */; };
		2A9A740D2A0BD44800E9C47A /* ProtocolTest.swift in Sources */ = {isa = PBXBuildFile; fileRef = 2A9A740C2A0BD44800E9C47A /* ProtocolTest.swift */; };
		2A9A740F2A0BD69700E9C47A /* GenericsTest.swift in Sources */ = {isa = PBXBuildFile; fileRef = 2A9A740E2A0BD69700E9C47A /* GenericsTest.swift */; };
		2A9A74112A0BDDA800E9C47A /* ConcurrencyTest.swift in Sources */ = {isa = PBXBuildFile; fileRef = 2A9A74102A0BDDA800E9C47A /* ConcurrencyTest.swift */; };
		2A9A74132A0BDF2200E9C47A /* ClosureTest.swift in Sources */ = {isa = PBXBuildFile; fileRef = 2A9A74122A0BDF2200E9C47A /* ClosureTest.swift */; };
		2A9A74152A0D11C200E9C47A /* ControlFlowEntry.swift in Sources */ = {isa = PBXBuildFile; fileRef = 2A9A74142A0D11C200E9C47A /* ControlFlowEntry.swift */; };
		2A9A74172A0D199400E9C47A /* SnakeAndLadderGame.swift in Sources */ = {isa = PBXBuildFile; fileRef = 2A9A74162A0D199400E9C47A /* SnakeAndLadderGame.swift */; };
		2A9A74192A0D1D4900E9C47A /* ResultBuilderTest.swift in Sources */ = {isa = PBXBuildFile; fileRef = 2A9A74182A0D1D4900E9C47A /* ResultBuilderTest.swift */; };
		2A9A741B2A0D202B00E9C47A /* TypeSelfTest.swift in Sources */ = {isa = PBXBuildFile; fileRef = 2A9A741A2A0D202B00E9C47A /* TypeSelfTest.swift */; };
		2AF464E12A02542F00A7441B /* DemoEntryViewController.m in Sources */ = {isa = PBXBuildFile; fileRef = 2AF464E02A02542F00A7441B /* DemoEntryViewController.m */; };
		2AF464E42A02548C00A7441B /* DemoNavigationController.m in Sources */ = {isa = PBXBuildFile; fileRef = 2AF464E32A02548C00A7441B /* DemoNavigationController.m */; };
/* End PBXBuildFile section */

/* Begin PBXContainerItemProxy section */
		2A3320562A023E3D0001CCA0 /* PBXContainerItemProxy */ = {
			isa = PBXContainerItemProxy;
			containerPortal = 2A3320322A023E3B0001CCA0 /* Project object */;
			proxyType = 1;
			remoteGlobalIDString = 2A3320392A023E3B0001CCA0;
			remoteInfo = KaiDemo;
		};
		2A3320602A023E3D0001CCA0 /* PBXContainerItemProxy */ = {
			isa = PBXContainerItemProxy;
			containerPortal = 2A3320322A023E3B0001CCA0 /* Project object */;
			proxyType = 1;
			remoteGlobalIDString = 2A3320392A023E3B0001CCA0;
			remoteInfo = KaiDemo;
		};
/* End PBXContainerItemProxy section */

/* Begin PBXFileReference section */
		19DD30725BDD0BE8B531743C /* KaiObjProxy.m */ = {isa = PBXFileReference; fileEncoding = 4; lastKnownFileType = sourcecode.c.objc; path = KaiObjProxy.m; sourceTree = "<group>"; };
		19DD30BEA377EC391ECB8A3C /* NSObject+DemoRuntimeInvoke.h */ = {isa = PBXFileReference; fileEncoding = 4; lastKnownFileType = sourcecode.c.h; path = "NSObject+DemoRuntimeInvoke.h"; sourceTree = "<group>"; };
		19DD32F871169F94DEBD4755 /* NSObject+DemoDelayRunLoop.h */ = {isa = PBXFileReference; fileEncoding = 4; lastKnownFileType = sourcecode.c.h; path = "NSObject+DemoDelayRunLoop.h"; sourceTree = "<group>"; };
		19DD33A9D5ECC3F5C8A9043C /* KaiNormalObj.m */ = {isa = PBXFileReference; fileEncoding = 4; lastKnownFileType = sourcecode.c.objc; path = KaiNormalObj.m; sourceTree = "<group>"; };
		19DD3483295A2FA7A89D4C72 /* NSObject+DemoDelayRunLoop.m */ = {isa = PBXFileReference; fileEncoding = 4; lastKnownFileType = sourcecode.c.objc; path = "NSObject+DemoDelayRunLoop.m"; sourceTree = "<group>"; };
		19DD356E33FC3912CF5AF489 /* DemoJsConsoleProtocol.m */ = {isa = PBXFileReference; fileEncoding = 4; lastKnownFileType = sourcecode.c.objc; path = DemoJsConsoleProtocol.m; sourceTree = "<group>"; };
		19DD35F8B889B110F8CC3D56 /* KaiNormalObj.h */ = {isa = PBXFileReference; fileEncoding = 4; lastKnownFileType = sourcecode.c.h; path = KaiNormalObj.h; sourceTree = "<group>"; };
		19DD3758C7B6CE8F757B4DCD /* NSObject+DemoRuntimeInvoke.m */ = {isa = PBXFileReference; fileEncoding = 4; lastKnownFileType = sourcecode.c.objc; path = "NSObject+DemoRuntimeInvoke.m"; sourceTree = "<group>"; };
		19DD38C56BB46EDC1310FA04 /* BaseTestListViewController.h */ = {isa = PBXFileReference; fileEncoding = 4; lastKnownFileType = sourcecode.c.h; path = BaseTestListViewController.h; sourceTree = "<group>"; };
		19DD397BD208465F42C35725 /* DemoJsConsoleProtocol.h */ = {isa = PBXFileReference; fileEncoding = 4; lastKnownFileType = sourcecode.c.h; path = DemoJsConsoleProtocol.h; sourceTree = "<group>"; };
		19DD3A22B4C7F3E1C8179FE8 /* BaseTestListViewController.m */ = {isa = PBXFileReference; fileEncoding = 4; lastKnownFileType = sourcecode.c.objc; path = BaseTestListViewController.m; sourceTree = "<group>"; };
		19DD3EA777DE4D94367FDCCE /* ZaTestListViewController.m */ = {isa = PBXFileReference; fileEncoding = 4; lastKnownFileType = sourcecode.c.objc; path = ZaTestListViewController.m; sourceTree = "<group>"; };
		19DD3F1D32FB5682EEBE0198 /* ZaTestListViewController.h */ = {isa = PBXFileReference; fileEncoding = 4; lastKnownFileType = sourcecode.c.h; path = ZaTestListViewController.h; sourceTree = "<group>"; };
		19DD3F57A2E67AC16CBB97C2 /* KaiObjProxy.h */ = {isa = PBXFileReference; fileEncoding = 4; lastKnownFileType = sourcecode.c.h; path = KaiObjProxy.h; sourceTree = "<group>"; };
		2A33203A2A023E3B0001CCA0 /* KaiDemo.app */ = {isa = PBXFileReference; explicitFileType = wrapper.application; includeInIndex = 0; path = KaiDemo.app; sourceTree = BUILT_PRODUCTS_DIR; };
		2A33203D2A023E3B0001CCA0 /* AppDelegate.h */ = {isa = PBXFileReference; lastKnownFileType = sourcecode.c.h; path = AppDelegate.h; sourceTree = "<group>"; };
		2A33203E2A023E3B0001CCA0 /* AppDelegate.m */ = {isa = PBXFileReference; lastKnownFileType = sourcecode.c.objc; path = AppDelegate.m; sourceTree = "<group>"; };
		2A3320402A023E3B0001CCA0 /* SceneDelegate.h */ = {isa = PBXFileReference; lastKnownFileType = sourcecode.c.h; path = SceneDelegate.h; sourceTree = "<group>"; };
		2A3320412A023E3B0001CCA0 /* SceneDelegate.m */ = {isa = PBXFileReference; lastKnownFileType = sourcecode.c.objc; path = SceneDelegate.m; sourceTree = "<group>"; };
		2A3320432A023E3B0001CCA0 /* PlaceholderViewController.h */ = {isa = PBXFileReference; lastKnownFileType = sourcecode.c.h; path = PlaceholderViewController.h; sourceTree = "<group>"; };
		2A3320442A023E3B0001CCA0 /* PlaceholderViewController.m */ = {isa = PBXFileReference; lastKnownFileType = sourcecode.c.objc; path = PlaceholderViewController.m; sourceTree = "<group>"; };
		2A3320472A023E3B0001CCA0 /* Base */ = {isa = PBXFileReference; lastKnownFileType = file.storyboard; name = Base; path = Base.lproj/Main.storyboard; sourceTree = "<group>"; };
		2A3320492A023E3C0001CCA0 /* MainAssets.xcassets */ = {isa = PBXFileReference; lastKnownFileType = folder.assetcatalog; path = MainAssets.xcassets; sourceTree = "<group>"; };
		2A33204C2A023E3C0001CCA0 /* Base */ = {isa = PBXFileReference; lastKnownFileType = file.storyboard; name = Base; path = Base.lproj/LaunchScreen.storyboard; sourceTree = "<group>"; };
		2A33204E2A023E3C0001CCA0 /* Info.plist */ = {isa = PBXFileReference; lastKnownFileType = text.plist.xml; path = Info.plist; sourceTree = "<group>"; };
		2A33204F2A023E3C0001CCA0 /* main.m */ = {isa = PBXFileReference; lastKnownFileType = sourcecode.c.objc; path = main.m; sourceTree = "<group>"; };
		2A3320552A023E3D0001CCA0 /* KaiDemoTests.xctest */ = {isa = PBXFileReference; explicitFileType = wrapper.cfbundle; includeInIndex = 0; path = KaiDemoTests.xctest; sourceTree = BUILT_PRODUCTS_DIR; };
		2A3320592A023E3D0001CCA0 /* KaiDemoTests.m */ = {isa = PBXFileReference; lastKnownFileType = sourcecode.c.objc; path = KaiDemoTests.m; sourceTree = "<group>"; };
		2A33205F2A023E3D0001CCA0 /* KaiDemoUITests.xctest */ = {isa = PBXFileReference; explicitFileType = wrapper.cfbundle; includeInIndex = 0; path = KaiDemoUITests.xctest; sourceTree = BUILT_PRODUCTS_DIR; };
		2A3320632A023E3D0001CCA0 /* KaiDemoUITests.m */ = {isa = PBXFileReference; lastKnownFileType = sourcecode.c.objc; path = KaiDemoUITests.m; sourceTree = "<group>"; };
		2A3320652A023E3D0001CCA0 /* KaiDemoUITestsLaunchTests.m */ = {isa = PBXFileReference; lastKnownFileType = sourcecode.c.objc; path = KaiDemoUITestsLaunchTests.m; sourceTree = "<group>"; };
		2A6643B12A26128C00DCFB26 /* KaiPerson.h */ = {isa = PBXFileReference; lastKnownFileType = sourcecode.c.h; path = KaiPerson.h; sourceTree = "<group>"; };
		2A6643B22A26128C00DCFB26 /* KaiPerson.m */ = {isa = PBXFileReference; lastKnownFileType = sourcecode.c.objc; path = KaiPerson.m; sourceTree = "<group>"; };
		2A6643B42A2613B600DCFB26 /* DemoRuntimeUtils.h */ = {isa = PBXFileReference; lastKnownFileType = sourcecode.c.h; path = DemoRuntimeUtils.h; sourceTree = "<group>"; };
		2A6643B52A2613B600DCFB26 /* DemoRuntimeUtils.m */ = {isa = PBXFileReference; lastKnownFileType = sourcecode.c.objc; path = DemoRuntimeUtils.m; sourceTree = "<group>"; };
		2A9A73D02A02573400E9C47A /* DemoSwitchTabBarController.h */ = {isa = PBXFileReference; lastKnownFileType = sourcecode.c.h; path = DemoSwitchTabBarController.h; sourceTree = "<group>"; };
		2A9A73D12A02573400E9C47A /* DemoSwitchTabBarController.m */ = {isa = PBXFileReference; lastKnownFileType = sourcecode.c.objc; path = DemoSwitchTabBarController.m; sourceTree = "<group>"; };
		2A9A73D32A0257B300E9C47A /* KaiDemo-Bridging-Header.h */ = {isa = PBXFileReference; lastKnownFileType = sourcecode.c.h; path = "KaiDemo-Bridging-Header.h"; sourceTree = "<group>"; };
		2A9A73D42A0257B400E9C47A /* AboutViewController.swift */ = {isa = PBXFileReference; lastKnownFileType = sourcecode.swift; path = AboutViewController.swift; sourceTree = "<group>"; };
		2A9A73D62A026DD800E9C47A /* DemoLaunchBkg.jpg */ = {isa = PBXFileReference; lastKnownFileType = image.jpeg; path = DemoLaunchBkg.jpg; sourceTree = "<group>"; };
		2A9A73DE2A076D1800E9C47A /* GCDTestViewController.h */ = {isa = PBXFileReference; lastKnownFileType = sourcecode.c.h; path = GCDTestViewController.h; sourceTree = "<group>"; };
		2A9A73DF2A076D1800E9C47A /* GCDTestViewController.m */ = {isa = PBXFileReference; lastKnownFileType = sourcecode.c.objc; path = GCDTestViewController.m; sourceTree = "<group>"; };
		2A9A73E22A07A83300E9C47A /* JSCoreTestViewController.h */ = {isa = PBXFileReference; lastKnownFileType = sourcecode.c.h; path = JSCoreTestViewController.h; sourceTree = "<group>"; };
		2A9A73E32A07A83300E9C47A /* JSCoreTestViewController.m */ = {isa = PBXFileReference; lastKnownFileType = sourcecode.c.objc; path = JSCoreTestViewController.m; sourceTree = "<group>"; };
		2A9A73E52A07AB5E00E9C47A /* testCommon.js */ = {isa = PBXFileReference; lastKnownFileType = sourcecode.javascript; path = testCommon.js; sourceTree = "<group>"; };
		2A9A73E82A07B34E00E9C47A /* DemoBizInitialize.h */ = {isa = PBXFileReference; lastKnownFileType = sourcecode.c.h; path = DemoBizInitialize.h; sourceTree = "<group>"; };
		2A9A73E92A07B34E00E9C47A /* DemoBizInitialize.m */ = {isa = PBXFileReference; lastKnownFileType = sourcecode.c.objc; path = DemoBizInitialize.m; sourceTree = "<group>"; };
		2A9A73EB2A07B77700E9C47A /* DemoSynchronize.h */ = {isa = PBXFileReference; lastKnownFileType = sourcecode.c.h; path = DemoSynchronize.h; sourceTree = "<group>"; };
		2A9A73EE2A07BDC900E9C47A /* DemoToast.h */ = {isa = PBXFileReference; lastKnownFileType = sourcecode.c.h; path = DemoToast.h; sourceTree = "<group>"; };
		2A9A73EF2A07BDC900E9C47A /* DemoToast.m */ = {isa = PBXFileReference; lastKnownFileType = sourcecode.c.objc; path = DemoToast.m; sourceTree = "<group>"; };
		2A9A73F42A07DAB300E9C47A /* DemoScreenUtils.h */ = {isa = PBXFileReference; lastKnownFileType = sourcecode.c.h; path = DemoScreenUtils.h; sourceTree = "<group>"; };
		2A9A73F52A07DAB300E9C47A /* DemoScreenUtils.m */ = {isa = PBXFileReference; lastKnownFileType = sourcecode.c.objc; path = DemoScreenUtils.m; sourceTree = "<group>"; };
		2A9A73F72A07DC9600E9C47A /* DemoWindowUtils.h */ = {isa = PBXFileReference; lastKnownFileType = sourcecode.c.h; path = DemoWindowUtils.h; sourceTree = "<group>"; };
		2A9A73F82A07DC9600E9C47A /* DemoWindowUtils.m */ = {isa = PBXFileReference; lastKnownFileType = sourcecode.c.objc; path = DemoWindowUtils.m; sourceTree = "<group>"; };
		2A9A73FA2A07E4E500E9C47A /* DemoJSON.h */ = {isa = PBXFileReference; lastKnownFileType = sourcecode.c.h; path = DemoJSON.h; sourceTree = "<group>"; };
		2A9A73FB2A07E4E500E9C47A /* DemoJSON.m */ = {isa = PBXFileReference; lastKnownFileType = sourcecode.c.objc; path = DemoJSON.m; sourceTree = "<group>"; };
		2A9A73FD2A0A646D00E9C47A /* DemoTextInputView.h */ = {isa = PBXFileReference; lastKnownFileType = sourcecode.c.h; path = DemoTextInputView.h; sourceTree = "<group>"; };
		2A9A73FE2A0A646D00E9C47A /* DemoTextInputView.m */ = {isa = PBXFileReference; lastKnownFileType = sourcecode.c.objc; path = DemoTextInputView.m; sourceTree = "<group>"; };
		2A9A74002A0A8B1200E9C47A /* OCTestData.h */ = {isa = PBXFileReference; lastKnownFileType = sourcecode.c.h; path = OCTestData.h; sourceTree = "<group>"; };
		2A9A74012A0A8B1200E9C47A /* OCTestData.m */ = {isa = PBXFileReference; lastKnownFileType = sourcecode.c.objc; path = OCTestData.m; sourceTree = "<group>"; };
		2A9A74032A0A8C5A00E9C47A /* TestSwiftSyntax.swift */ = {isa = PBXFileReference; lastKnownFileType = sourcecode.swift; path = TestSwiftSyntax.swift; sourceTree = "<group>"; };
		2A9A74052A0BB00600E9C47A /* BMIViewController.swift */ = {isa = PBXFileReference; lastKnownFileType = sourcecode.swift; path = BMIViewController.swift; sourceTree = "<group>"; };
		2A9A74082A0BB0C100E9C47A /* BMICalc.swift */ = {isa = PBXFileReference; lastKnownFileType = sourcecode.swift; path = BMICalc.swift; sourceTree = "<group>"; };
		2A9A740A2A0BD3CC00E9C47A /* IntExtension.swift */ = {isa = PBXFileReference; lastKnownFileType = sourcecode.swift; path = IntExtension.swift; sourceTree = "<group>"; };
		2A9A740C2A0BD44800E9C47A /* ProtocolTest.swift */ = {isa = PBXFileReference; lastKnownFileType = sourcecode.swift; path = ProtocolTest.swift; sourceTree = "<group>"; };
		2A9A740E2A0BD69700E9C47A /* GenericsTest.swift */ = {isa = PBXFileReference; lastKnownFileType = sourcecode.swift; path = GenericsTest.swift; sourceTree = "<group>"; };
		2A9A74102A0BDDA800E9C47A /* ConcurrencyTest.swift */ = {isa = PBXFileReference; lastKnownFileType = sourcecode.swift; path = ConcurrencyTest.swift; sourceTree = "<group>"; };
		2A9A74122A0BDF2200E9C47A /* ClosureTest.swift */ = {isa = PBXFileReference; lastKnownFileType = sourcecode.swift; path = ClosureTest.swift; sourceTree = "<group>"; };
		2A9A74142A0D11C200E9C47A /* ControlFlowEntry.swift */ = {isa = PBXFileReference; lastKnownFileType = sourcecode.swift; path = ControlFlowEntry.swift; sourceTree = "<group>"; };
		2A9A74162A0D199400E9C47A /* SnakeAndLadderGame.swift */ = {isa = PBXFileReference; lastKnownFileType = sourcecode.swift; path = SnakeAndLadderGame.swift; sourceTree = "<group>"; };
		2A9A74182A0D1D4900E9C47A /* ResultBuilderTest.swift */ = {isa = PBXFileReference; lastKnownFileType = sourcecode.swift; path = ResultBuilderTest.swift; sourceTree = "<group>"; };
		2A9A741A2A0D202B00E9C47A /* TypeSelfTest.swift */ = {isa = PBXFileReference; lastKnownFileType = sourcecode.swift; path = TypeSelfTest.swift; sourceTree = "<group>"; };
		2AF464DF2A02542F00A7441B /* DemoEntryViewController.h */ = {isa = PBXFileReference; lastKnownFileType = sourcecode.c.h; name = DemoEntryViewController.h; path = KaiDemo/DemoEntryViewController.h; sourceTree = SOURCE_ROOT; };
		2AF464E02A02542F00A7441B /* DemoEntryViewController.m */ = {isa = PBXFileReference; lastKnownFileType = sourcecode.c.objc; name = DemoEntryViewController.m; path = KaiDemo/DemoEntryViewController.m; sourceTree = SOURCE_ROOT; };
		2AF464E22A02548C00A7441B /* DemoNavigationController.h */ = {isa = PBXFileReference; lastKnownFileType = sourcecode.c.h; path = DemoNavigationController.h; sourceTree = "<group>"; };
		2AF464E32A02548C00A7441B /* DemoNavigationController.m */ = {isa = PBXFileReference; lastKnownFileType = sourcecode.c.objc; path = DemoNavigationController.m; sourceTree = "<group>"; };
/* End PBXFileReference section */

/* Begin PBXFrameworksBuildPhase section */
		2A3320372A023E3B0001CCA0 /* Frameworks */ = {
			isa = PBXFrameworksBuildPhase;
			buildActionMask = 2147483647;
			files = (
			);
			runOnlyForDeploymentPostprocessing = 0;
		};
		2A3320522A023E3D0001CCA0 /* Frameworks */ = {
			isa = PBXFrameworksBuildPhase;
			buildActionMask = 2147483647;
			files = (
			);
			runOnlyForDeploymentPostprocessing = 0;
		};
		2A33205C2A023E3D0001CCA0 /* Frameworks */ = {
			isa = PBXFrameworksBuildPhase;
			buildActionMask = 2147483647;
			files = (
			);
			runOnlyForDeploymentPostprocessing = 0;
		};
/* End PBXFrameworksBuildPhase section */

/* Begin PBXGroup section */
		2A3320312A023E3B0001CCA0 = {
			isa = PBXGroup;
			children = (
				2A33203C2A023E3B0001CCA0 /* KaiDemo */,
				2A3320582A023E3D0001CCA0 /* KaiDemoTests */,
				2A3320622A023E3D0001CCA0 /* KaiDemoUITests */,
				2A33203B2A023E3B0001CCA0 /* Products */,
			);
			sourceTree = "<group>";
		};
		2A33203B2A023E3B0001CCA0 /* Products */ = {
			isa = PBXGroup;
			children = (
				2A33203A2A023E3B0001CCA0 /* KaiDemo.app */,
				2A3320552A023E3D0001CCA0 /* KaiDemoTests.xctest */,
				2A33205F2A023E3D0001CCA0 /* KaiDemoUITests.xctest */,
			);
			name = Products;
			sourceTree = "<group>";
		};
		2A33203C2A023E3B0001CCA0 /* KaiDemo */ = {
			isa = PBXGroup;
			children = (
				2A9A73E12A07A74D00E9C47A /* JSCore */,
				2A9A73DA2A076CB100E9C47A /* GCD */,
				2A9A73D92A029CC800E9C47A /* Swift */,
				2A9A74072A0BB07E00E9C47A /* SwiftSyntax */,
				2A9A73D82A0295B900E9C47A /* Za */,
				2AF464DF2A02542F00A7441B /* DemoEntryViewController.h */,
				2AF464E02A02542F00A7441B /* DemoEntryViewController.m */,
				2A3320752A02410A0001CCA0 /* Resources */,
				2A3320742A0240D80001CCA0 /* Utils */,
				2A3320732A0240CE0001CCA0 /* Initialize */,
				2A3320722A02407C0001CCA0 /* App */,
			);
			path = KaiDemo;
			sourceTree = "<group>";
		};
		2A3320582A023E3D0001CCA0 /* KaiDemoTests */ = {
			isa = PBXGroup;
			children = (
				2A3320592A023E3D0001CCA0 /* KaiDemoTests.m */,
			);
			path = KaiDemoTests;
			sourceTree = "<group>";
		};
		2A3320622A023E3D0001CCA0 /* KaiDemoUITests */ = {
			isa = PBXGroup;
			children = (
				2A3320632A023E3D0001CCA0 /* KaiDemoUITests.m */,
				2A3320652A023E3D0001CCA0 /* KaiDemoUITestsLaunchTests.m */,
			);
			path = KaiDemoUITests;
			sourceTree = "<group>";
		};
		2A3320722A02407C0001CCA0 /* App */ = {
			isa = PBXGroup;
			children = (
				2A9A73D02A02573400E9C47A /* DemoSwitchTabBarController.h */,
				2A9A73D12A02573400E9C47A /* DemoSwitchTabBarController.m */,
				2AF464E22A02548C00A7441B /* DemoNavigationController.h */,
				2AF464E32A02548C00A7441B /* DemoNavigationController.m */,
				2A33203D2A023E3B0001CCA0 /* AppDelegate.h */,
				2A33203E2A023E3B0001CCA0 /* AppDelegate.m */,
				2A3320402A023E3B0001CCA0 /* SceneDelegate.h */,
				2A3320412A023E3B0001CCA0 /* SceneDelegate.m */,
				2A3320432A023E3B0001CCA0 /* PlaceholderViewController.h */,
				2A3320442A023E3B0001CCA0 /* PlaceholderViewController.m */,
				2A3320462A023E3B0001CCA0 /* Main.storyboard */,
				2A33204B2A023E3C0001CCA0 /* LaunchScreen.storyboard */,
				2A33204E2A023E3C0001CCA0 /* Info.plist */,
				2A33204F2A023E3C0001CCA0 /* main.m */,
				2A9A73D32A0257B300E9C47A /* KaiDemo-Bridging-Header.h */,
			);
			path = App;
			sourceTree = "<group>";
		};
		2A3320732A0240CE0001CCA0 /* Initialize */ = {
			isa = PBXGroup;
			children = (
				2A9A73E82A07B34E00E9C47A /* DemoBizInitialize.h */,
				2A9A73E92A07B34E00E9C47A /* DemoBizInitialize.m */,
			);
			path = Initialize;
			sourceTree = "<group>";
		};
		2A3320742A0240D80001CCA0 /* Utils */ = {
			isa = PBXGroup;
			children = (
				19DD38C56BB46EDC1310FA04 /* BaseTestListViewController.h */,
				19DD3A22B4C7F3E1C8179FE8 /* BaseTestListViewController.m */,
				2A9A73EB2A07B77700E9C47A /* DemoSynchronize.h */,
				19DD32F871169F94DEBD4755 /* NSObject+DemoDelayRunLoop.h */,
				19DD3483295A2FA7A89D4C72 /* NSObject+DemoDelayRunLoop.m */,
				19DD30BEA377EC391ECB8A3C /* NSObject+DemoRuntimeInvoke.h */,
				19DD3758C7B6CE8F757B4DCD /* NSObject+DemoRuntimeInvoke.m */,
				2A9A73EE2A07BDC900E9C47A /* DemoToast.h */,
				2A9A73EF2A07BDC900E9C47A /* DemoToast.m */,
				2A9A73F42A07DAB300E9C47A /* DemoScreenUtils.h */,
				2A9A73F52A07DAB300E9C47A /* DemoScreenUtils.m */,
				2A9A73F72A07DC9600E9C47A /* DemoWindowUtils.h */,
				2A9A73F82A07DC9600E9C47A /* DemoWindowUtils.m */,
				2A9A73FA2A07E4E500E9C47A /* DemoJSON.h */,
				2A9A73FB2A07E4E500E9C47A /* DemoJSON.m */,
				2A9A73FD2A0A646D00E9C47A /* DemoTextInputView.h */,
				2A9A73FE2A0A646D00E9C47A /* DemoTextInputView.m */,
				2A6643B42A2613B600DCFB26 /* DemoRuntimeUtils.h */,
				2A6643B52A2613B600DCFB26 /* DemoRuntimeUtils.m */,
			);
			path = Utils;
			sourceTree = "<group>";
		};
		2A3320752A02410A0001CCA0 /* Resources */ = {
			isa = PBXGroup;
			children = (
				2A9A73D62A026DD800E9C47A /* DemoLaunchBkg.jpg */,
				2A3320492A023E3C0001CCA0 /* MainAssets.xcassets */,
			);
			path = Resources;
			sourceTree = "<group>";
		};
		2A9A73D82A0295B900E9C47A /* Za */ = {
			isa = PBXGroup;
			children = (
				19DD3F1D32FB5682EEBE0198 /* ZaTestListViewController.h */,
				19DD3EA777DE4D94367FDCCE /* ZaTestListViewController.m */,
				19DD3F57A2E67AC16CBB97C2 /* KaiObjProxy.h */,
				19DD30725BDD0BE8B531743C /* KaiObjProxy.m */,
				19DD35F8B889B110F8CC3D56 /* KaiNormalObj.h */,
				19DD33A9D5ECC3F5C8A9043C /* KaiNormalObj.m */,
				2A9A74002A0A8B1200E9C47A /* OCTestData.h */,
				2A9A74012A0A8B1200E9C47A /* OCTestData.m */,
				2A6643B12A26128C00DCFB26 /* KaiPerson.h */,
				2A6643B22A26128C00DCFB26 /* KaiPerson.m */,
			);
			path = Za;
			sourceTree = "<group>";
		};
		2A9A73D92A029CC800E9C47A /* Swift */ = {
			isa = PBXGroup;
			children = (
				2A9A73D42A0257B400E9C47A /* AboutViewController.swift */,
				2A9A74082A0BB0C100E9C47A /* BMICalc.swift */,
				2A9A74052A0BB00600E9C47A /* BMIViewController.swift */,
			);
			path = Swift;
			sourceTree = "<group>";
		};
		2A9A73DA2A076CB100E9C47A /* GCD */ = {
			isa = PBXGroup;
			children = (
				2A9A73DE2A076D1800E9C47A /* GCDTestViewController.h */,
				2A9A73DF2A076D1800E9C47A /* GCDTestViewController.m */,
			);
			path = GCD;
			sourceTree = "<group>";
		};
		2A9A73E12A07A74D00E9C47A /* JSCore */ = {
			isa = PBXGroup;
			children = (
				2A9A73E22A07A83300E9C47A /* JSCoreTestViewController.h */,
				2A9A73E32A07A83300E9C47A /* JSCoreTestViewController.m */,
				2A9A73E52A07AB5E00E9C47A /* testCommon.js */,
				19DD397BD208465F42C35725 /* DemoJsConsoleProtocol.h */,
				19DD356E33FC3912CF5AF489 /* DemoJsConsoleProtocol.m */,
			);
			path = JSCore;
			sourceTree = "<group>";
		};
		2A9A74072A0BB07E00E9C47A /* SwiftSyntax */ = {
			isa = PBXGroup;
			children = (
				2A9A74032A0A8C5A00E9C47A /* TestSwiftSyntax.swift */,
				2A9A74142A0D11C200E9C47A /* ControlFlowEntry.swift */,
				2A9A740A2A0BD3CC00E9C47A /* IntExtension.swift */,
				2A9A740C2A0BD44800E9C47A /* ProtocolTest.swift */,
				2A9A740E2A0BD69700E9C47A /* GenericsTest.swift */,
				2A9A74102A0BDDA800E9C47A /* ConcurrencyTest.swift */,
				2A9A74122A0BDF2200E9C47A /* ClosureTest.swift */,
				2A9A74162A0D199400E9C47A /* SnakeAndLadderGame.swift */,
				2A9A74182A0D1D4900E9C47A /* ResultBuilderTest.swift */,
				2A9A741A2A0D202B00E9C47A /* TypeSelfTest.swift */,
			);
			path = SwiftSyntax;
			sourceTree = "<group>";
		};
/* End PBXGroup section */

/* Begin PBXNativeTarget section */
		2A3320392A023E3B0001CCA0 /* KaiDemo */ = {
			isa = PBXNativeTarget;
			buildConfigurationList = 2A3320692A023E3D0001CCA0 /* Build configuration list for PBXNativeTarget "KaiDemo" */;
			buildPhases = (
				2A3320362A023E3B0001CCA0 /* Sources */,
				2A3320372A023E3B0001CCA0 /* Frameworks */,
				2A3320382A023E3B0001CCA0 /* Resources */,
			);
			buildRules = (
			);
			dependencies = (
			);
			name = KaiDemo;
			productName = KaiDemo;
			productReference = 2A33203A2A023E3B0001CCA0 /* KaiDemo.app */;
			productType = "com.apple.product-type.application";
		};
		2A3320542A023E3D0001CCA0 /* KaiDemoTests */ = {
			isa = PBXNativeTarget;
			buildConfigurationList = 2A33206C2A023E3D0001CCA0 /* Build configuration list for PBXNativeTarget "KaiDemoTests" */;
			buildPhases = (
				2A3320512A023E3D0001CCA0 /* Sources */,
				2A3320522A023E3D0001CCA0 /* Frameworks */,
				2A3320532A023E3D0001CCA0 /* Resources */,
			);
			buildRules = (
			);
			dependencies = (
				2A3320572A023E3D0001CCA0 /* PBXTargetDependency */,
			);
			name = KaiDemoTests;
			productName = KaiDemoTests;
			productReference = 2A3320552A023E3D0001CCA0 /* KaiDemoTests.xctest */;
			productType = "com.apple.product-type.bundle.unit-test";
		};
		2A33205E2A023E3D0001CCA0 /* KaiDemoUITests */ = {
			isa = PBXNativeTarget;
			buildConfigurationList = 2A33206F2A023E3D0001CCA0 /* Build configuration list for PBXNativeTarget "KaiDemoUITests" */;
			buildPhases = (
				2A33205B2A023E3D0001CCA0 /* Sources */,
				2A33205C2A023E3D0001CCA0 /* Frameworks */,
				2A33205D2A023E3D0001CCA0 /* Resources */,
			);
			buildRules = (
			);
			dependencies = (
				2A3320612A023E3D0001CCA0 /* PBXTargetDependency */,
			);
			name = KaiDemoUITests;
			productName = KaiDemoUITests;
			productReference = 2A33205F2A023E3D0001CCA0 /* KaiDemoUITests.xctest */;
			productType = "com.apple.product-type.bundle.ui-testing";
		};
/* End PBXNativeTarget section */

/* Begin PBXProject section */
		2A3320322A023E3B0001CCA0 /* Project object */ = {
			isa = PBXProject;
			attributes = {
				BuildIndependentTargetsInParallel = 1;
				LastUpgradeCheck = 1420;
				TargetAttributes = {
					2A3320392A023E3B0001CCA0 = {
						CreatedOnToolsVersion = 14.2;
						LastSwiftMigration = 1420;
					};
					2A3320542A023E3D0001CCA0 = {
						CreatedOnToolsVersion = 14.2;
						TestTargetID = 2A3320392A023E3B0001CCA0;
					};
					2A33205E2A023E3D0001CCA0 = {
						CreatedOnToolsVersion = 14.2;
						TestTargetID = 2A3320392A023E3B0001CCA0;
					};
				};
			};
			buildConfigurationList = 2A3320352A023E3B0001CCA0 /* Build configuration list for PBXProject "KaiDemo" */;
			compatibilityVersion = "Xcode 14.0";
			developmentRegion = en;
			hasScannedForEncodings = 0;
			knownRegions = (
				en,
				Base,
			);
			mainGroup = 2A3320312A023E3B0001CCA0;
			productRefGroup = 2A33203B2A023E3B0001CCA0 /* Products */;
			projectDirPath = "";
			projectRoot = "";
			targets = (
				2A3320392A023E3B0001CCA0 /* KaiDemo */,
				2A3320542A023E3D0001CCA0 /* KaiDemoTests */,
				2A33205E2A023E3D0001CCA0 /* KaiDemoUITests */,
			);
		};
/* End PBXProject section */

/* Begin PBXResourcesBuildPhase section */
		2A3320382A023E3B0001CCA0 /* Resources */ = {
			isa = PBXResourcesBuildPhase;
			buildActionMask = 2147483647;
			files = (
				2A33204D2A023E3C0001CCA0 /* LaunchScreen.storyboard in Resources */,
				2A33204A2A023E3C0001CCA0 /* MainAssets.xcassets in Resources */,
				2A3320482A023E3B0001CCA0 /* Main.storyboard in Resources */,
				2A9A73E62A07AB6700E9C47A /* testCommon.js in Resources */,
				2A9A73D72A026DD800E9C47A /* DemoLaunchBkg.jpg in Resources */,
			);
			runOnlyForDeploymentPostprocessing = 0;
		};
		2A3320532A023E3D0001CCA0 /* Resources */ = {
			isa = PBXResourcesBuildPhase;
			buildActionMask = 2147483647;
			files = (
			);
			runOnlyForDeploymentPostprocessing = 0;
		};
		2A33205D2A023E3D0001CCA0 /* Resources */ = {
			isa = PBXResourcesBuildPhase;
			buildActionMask = 2147483647;
			files = (
			);
			runOnlyForDeploymentPostprocessing = 0;
		};
/* End PBXResourcesBuildPhase section */

/* Begin PBXSourcesBuildPhase section */
		2A3320362A023E3B0001CCA0 /* Sources */ = {
			isa = PBXSourcesBuildPhase;
			buildActionMask = 2147483647;
			files = (
				2A9A73FC2A07E4E500E9C47A /* DemoJSON.m in Sources */,
				2A9A73E02A076D1800E9C47A /* GCDTestViewController.m in Sources */,
				2A9A74112A0BDDA800E9C47A /* ConcurrencyTest.swift in Sources */,
				2AF464E42A02548C00A7441B /* DemoNavigationController.m in Sources */,
				2AF464E12A02542F00A7441B /* DemoEntryViewController.m in Sources */,
				2A3320452A023E3B0001CCA0 /* PlaceholderViewController.m in Sources */,
				2A9A74172A0D199400E9C47A /* SnakeAndLadderGame.swift in Sources */,
				2A33203F2A023E3B0001CCA0 /* AppDelegate.m in Sources */,
				2A9A73F62A07DAB300E9C47A /* DemoScreenUtils.m in Sources */,
				2A3320502A023E3C0001CCA0 /* main.m in Sources */,
				2A9A74132A0BDF2200E9C47A /* ClosureTest.swift in Sources */,
				2A9A73FF2A0A646D00E9C47A /* DemoTextInputView.m in Sources */,
				2A9A740B2A0BD3CC00E9C47A /* IntExtension.swift in Sources */,
				2A6643B62A2613B600DCFB26 /* DemoRuntimeUtils.m in Sources */,
				2A9A741B2A0D202B00E9C47A /* TypeSelfTest.swift in Sources */,
				2A9A73E42A07A83300E9C47A /* JSCoreTestViewController.m in Sources */,
				2A3320422A023E3B0001CCA0 /* SceneDelegate.m in Sources */,
				2A9A74042A0A8C5A00E9C47A /* TestSwiftSyntax.swift in Sources */,
				2A9A74192A0D1D4900E9C47A /* ResultBuilderTest.swift in Sources */,
				2A9A73D52A0257B400E9C47A /* AboutViewController.swift in Sources */,
				2A9A74152A0D11C200E9C47A /* ControlFlowEntry.swift in Sources */,
				2A9A73D22A02573400E9C47A /* DemoSwitchTabBarController.m in Sources */,
				2A9A73EA2A07B34E00E9C47A /* DemoBizInitialize.m in Sources */,
				2A9A740D2A0BD44800E9C47A /* ProtocolTest.swift in Sources */,
				19DD343A9086409294B9C90F /* BaseTestListViewController.m in Sources */,
				2A6643B32A26128C00DCFB26 /* KaiPerson.m in Sources */,
				19DD3CF6BEF8D1419B9B276D /* ZaTestListViewController.m in Sources */,
				19DD3E0F7169E16F6976C045 /* KaiObjProxy.m in Sources */,
				19DD36B6084CE2B29AFA111E /* KaiNormalObj.m in Sources */,
				19DD3D285FF5B8495E27640A /* DemoJsConsoleProtocol.m in Sources */,
				2A9A74022A0A8B1200E9C47A /* OCTestData.m in Sources */,
				2A9A740F2A0BD69700E9C47A /* GenericsTest.swift in Sources */,
				2A9A73F92A07DC9600E9C47A /* DemoWindowUtils.m in Sources */,
				19DD324285E40DB9BA37BD5D /* NSObject+DemoDelayRunLoop.m in Sources */,
				2A9A74092A0BB0C100E9C47A /* BMICalc.swift in Sources */,
				2A9A73F02A07BDC900E9C47A /* DemoToast.m in Sources */,
				19DD367B0620DC30EBAA053F /* NSObject+DemoRuntimeInvoke.m in Sources */,
				2A9A74062A0BB00700E9C47A /* BMIViewController.swift in Sources */,
			);
			runOnlyForDeploymentPostprocessing = 0;
		};
		2A3320512A023E3D0001CCA0 /* Sources */ = {
			isa = PBXSourcesBuildPhase;
			buildActionMask = 2147483647;
			files = (
				2A33205A2A023E3D0001CCA0 /* KaiDemoTests.m in Sources */,
			);
			runOnlyForDeploymentPostprocessing = 0;
		};
		2A33205B2A023E3D0001CCA0 /* Sources */ = {
			isa = PBXSourcesBuildPhase;
			buildActionMask = 2147483647;
			files = (
				2A3320642A023E3D0001CCA0 /* KaiDemoUITests.m in Sources */,
				2A3320662A023E3D0001CCA0 /* KaiDemoUITestsLaunchTests.m in Sources */,
			);
			runOnlyForDeploymentPostprocessing = 0;
		};
/* End PBXSourcesBuildPhase section */

/* Begin PBXTargetDependency section */
		2A3320572A023E3D0001CCA0 /* PBXTargetDependency */ = {
			isa = PBXTargetDependency;
			target = 2A3320392A023E3B0001CCA0 /* KaiDemo */;
			targetProxy = 2A3320562A023E3D0001CCA0 /* PBXContainerItemProxy */;
		};
		2A3320612A023E3D0001CCA0 /* PBXTargetDependency */ = {
			isa = PBXTargetDependency;
			target = 2A3320392A023E3B0001CCA0 /* KaiDemo */;
			targetProxy = 2A3320602A023E3D0001CCA0 /* PBXContainerItemProxy */;
		};
/* End PBXTargetDependency section */

/* Begin PBXVariantGroup section */
		2A3320462A023E3B0001CCA0 /* Main.storyboard */ = {
			isa = PBXVariantGroup;
			children = (
				2A3320472A023E3B0001CCA0 /* Base */,
			);
			name = Main.storyboard;
			sourceTree = "<group>";
		};
		2A33204B2A023E3C0001CCA0 /* LaunchScreen.storyboard */ = {
			isa = PBXVariantGroup;
			children = (
				2A33204C2A023E3C0001CCA0 /* Base */,
			);
			name = LaunchScreen.storyboard;
			sourceTree = "<group>";
		};
/* End PBXVariantGroup section */

/* Begin XCBuildConfiguration section */
		2A3320672A023E3D0001CCA0 /* Debug */ = {
			isa = XCBuildConfiguration;
			buildSettings = {
				ALWAYS_SEARCH_USER_PATHS = NO;
				CLANG_ANALYZER_NONNULL = YES;
				CLANG_ANALYZER_NUMBER_OBJECT_CONVERSION = YES_AGGRESSIVE;
				CLANG_CXX_LANGUAGE_STANDARD = "gnu++20";
				CLANG_ENABLE_MODULES = YES;
				CLANG_ENABLE_OBJC_ARC = YES;
				CLANG_ENABLE_OBJC_WEAK = YES;
				CLANG_WARN_BLOCK_CAPTURE_AUTORELEASING = YES;
				CLANG_WARN_BOOL_CONVERSION = YES;
				CLANG_WARN_COMMA = YES;
				CLANG_WARN_CONSTANT_CONVERSION = YES;
				CLANG_WARN_DEPRECATED_OBJC_IMPLEMENTATIONS = YES;
				CLANG_WARN_DIRECT_OBJC_ISA_USAGE = YES_ERROR;
				CLANG_WARN_DOCUMENTATION_COMMENTS = YES;
				CLANG_WARN_EMPTY_BODY = YES;
				CLANG_WARN_ENUM_CONVERSION = YES;
				CLANG_WARN_INFINITE_RECURSION = YES;
				CLANG_WARN_INT_CONVERSION = YES;
				CLANG_WARN_NON_LITERAL_NULL_CONVERSION = YES;
				CLANG_WARN_OBJC_IMPLICIT_RETAIN_SELF = YES;
				CLANG_WARN_OBJC_LITERAL_CONVERSION = YES;
				CLANG_WARN_OBJC_ROOT_CLASS = YES_ERROR;
				CLANG_WARN_QUOTED_INCLUDE_IN_FRAMEWORK_HEADER = YES;
				CLANG_WARN_RANGE_LOOP_ANALYSIS = YES;
				CLANG_WARN_STRICT_PROTOTYPES = YES;
				CLANG_WARN_SUSPICIOUS_MOVE = YES;
				CLANG_WARN_UNGUARDED_AVAILABILITY = YES_AGGRESSIVE;
				CLANG_WARN_UNREACHABLE_CODE = YES;
				CLANG_WARN__DUPLICATE_METHOD_MATCH = YES;
				COPY_PHASE_STRIP = NO;
				DEBUG_INFORMATION_FORMAT = dwarf;
				ENABLE_STRICT_OBJC_MSGSEND = YES;
				ENABLE_TESTABILITY = YES;
				GCC_C_LANGUAGE_STANDARD = gnu11;
				GCC_DYNAMIC_NO_PIC = NO;
				GCC_NO_COMMON_BLOCKS = YES;
				GCC_OPTIMIZATION_LEVEL = 0;
				GCC_PREPROCESSOR_DEFINITIONS = (
					"DEBUG=1",
					"$(inherited)",
				);
				GCC_WARN_64_TO_32_BIT_CONVERSION = YES;
				GCC_WARN_ABOUT_RETURN_TYPE = YES_ERROR;
				GCC_WARN_UNDECLARED_SELECTOR = YES;
				GCC_WARN_UNINITIALIZED_AUTOS = YES_AGGRESSIVE;
				GCC_WARN_UNUSED_FUNCTION = YES;
				GCC_WARN_UNUSED_VARIABLE = YES;
				IPHONEOS_DEPLOYMENT_TARGET = 16.2;
				MTL_ENABLE_DEBUG_INFO = INCLUDE_SOURCE;
				MTL_FAST_MATH = YES;
				ONLY_ACTIVE_ARCH = YES;
				SDKROOT = iphoneos;
			};
			name = Debug;
		};
		2A3320682A023E3D0001CCA0 /* Release */ = {
			isa = XCBuildConfiguration;
			buildSettings = {
				ALWAYS_SEARCH_USER_PATHS = NO;
				CLANG_ANALYZER_NONNULL = YES;
				CLANG_ANALYZER_NUMBER_OBJECT_CONVERSION = YES_AGGRESSIVE;
				CLANG_CXX_LANGUAGE_STANDARD = "gnu++20";
				CLANG_ENABLE_MODULES = YES;
				CLANG_ENABLE_OBJC_ARC = YES;
				CLANG_ENABLE_OBJC_WEAK = YES;
				CLANG_WARN_BLOCK_CAPTURE_AUTORELEASING = YES;
				CLANG_WARN_BOOL_CONVERSION = YES;
				CLANG_WARN_COMMA = YES;
				CLANG_WARN_CONSTANT_CONVERSION = YES;
				CLANG_WARN_DEPRECATED_OBJC_IMPLEMENTATIONS = YES;
				CLANG_WARN_DIRECT_OBJC_ISA_USAGE = YES_ERROR;
				CLANG_WARN_DOCUMENTATION_COMMENTS = YES;
				CLANG_WARN_EMPTY_BODY = YES;
				CLANG_WARN_ENUM_CONVERSION = YES;
				CLANG_WARN_INFINITE_RECURSION = YES;
				CLANG_WARN_INT_CONVERSION = YES;
				CLANG_WARN_NON_LITERAL_NULL_CONVERSION = YES;
				CLANG_WARN_OBJC_IMPLICIT_RETAIN_SELF = YES;
				CLANG_WARN_OBJC_LITERAL_CONVERSION = YES;
				CLANG_WARN_OBJC_ROOT_CLASS = YES_ERROR;
				CLANG_WARN_QUOTED_INCLUDE_IN_FRAMEWORK_HEADER = YES;
				CLANG_WARN_RANGE_LOOP_ANALYSIS = YES;
				CLANG_WARN_STRICT_PROTOTYPES = YES;
				CLANG_WARN_SUSPICIOUS_MOVE = YES;
				CLANG_WARN_UNGUARDED_AVAILABILITY = YES_AGGRESSIVE;
				CLANG_WARN_UNREACHABLE_CODE = YES;
				CLANG_WARN__DUPLICATE_METHOD_MATCH = YES;
				COPY_PHASE_STRIP = NO;
				DEBUG_INFORMATION_FORMAT = "dwarf-with-dsym";
				ENABLE_NS_ASSERTIONS = NO;
				ENABLE_STRICT_OBJC_MSGSEND = YES;
				GCC_C_LANGUAGE_STANDARD = gnu11;
				GCC_NO_COMMON_BLOCKS = YES;
				GCC_WARN_64_TO_32_BIT_CONVERSION = YES;
				GCC_WARN_ABOUT_RETURN_TYPE = YES_ERROR;
				GCC_WARN_UNDECLARED_SELECTOR = YES;
				GCC_WARN_UNINITIALIZED_AUTOS = YES_AGGRESSIVE;
				GCC_WARN_UNUSED_FUNCTION = YES;
				GCC_WARN_UNUSED_VARIABLE = YES;
				IPHONEOS_DEPLOYMENT_TARGET = 16.2;
				MTL_ENABLE_DEBUG_INFO = NO;
				MTL_FAST_MATH = YES;
				SDKROOT = iphoneos;
				VALIDATE_PRODUCT = YES;
			};
			name = Release;
		};
		2A33206A2A023E3D0001CCA0 /* Debug */ = {
			isa = XCBuildConfiguration;
			buildSettings = {
				ASSETCATALOG_COMPILER_APPICON_NAME = AppIcon;
				ASSETCATALOG_COMPILER_GLOBAL_ACCENT_COLOR_NAME = AccentColor;
				CLANG_ENABLE_MODULES = YES;
				CODE_SIGN_STYLE = Automatic;
				CURRENT_PROJECT_VERSION = 10001;
				DEVELOPMENT_TEAM = A27YPEY3N3;
				GENERATE_INFOPLIST_FILE = YES;
				INFOPLIST_FILE = KaiDemo/App/Info.plist;
				INFOPLIST_KEY_UIApplicationSupportsIndirectInputEvents = YES;
				INFOPLIST_KEY_UILaunchStoryboardName = LaunchScreen.storyboard;
				INFOPLIST_KEY_UIMainStoryboardFile = Main;
				INFOPLIST_KEY_UISupportedInterfaceOrientations_iPad = "UIInterfaceOrientationPortrait UIInterfaceOrientationPortraitUpsideDown UIInterfaceOrientationLandscapeLeft UIInterfaceOrientationLandscapeRight";
				INFOPLIST_KEY_UISupportedInterfaceOrientations_iPhone = "UIInterfaceOrientationPortrait UIInterfaceOrientationLandscapeLeft UIInterfaceOrientationLandscapeRight";
				IPHONEOS_DEPLOYMENT_TARGET = 11.0;
				LD_RUNPATH_SEARCH_PATHS = (
					"$(inherited)",
					"@executable_path/Frameworks",
				);
				MARKETING_VERSION = 1.0.1;
				PRODUCT_BUNDLE_IDENTIFIER = njnu.kai.KaiDemo;
				PRODUCT_NAME = "$(TARGET_NAME)";
				SWIFT_EMIT_LOC_STRINGS = YES;
				SWIFT_OBJC_BRIDGING_HEADER = "KaiDemo/App/KaiDemo-Bridging-Header.h";
				SWIFT_OPTIMIZATION_LEVEL = "-Onone";
				SWIFT_VERSION = 5.0;
				TARGETED_DEVICE_FAMILY = "1,2";
			};
			name = Debug;
		};
		2A33206B2A023E3D0001CCA0 /* Release */ = {
			isa = XCBuildConfiguration;
			buildSettings = {
				ASSETCATALOG_COMPILER_APPICON_NAME = AppIcon;
				ASSETCATALOG_COMPILER_GLOBAL_ACCENT_COLOR_NAME = AccentColor;
				CLANG_ENABLE_MODULES = YES;
				CODE_SIGN_STYLE = Automatic;
				CURRENT_PROJECT_VERSION = 10001;
				DEVELOPMENT_TEAM = A27YPEY3N3;
				GENERATE_INFOPLIST_FILE = YES;
				INFOPLIST_FILE = KaiDemo/App/Info.plist;
				INFOPLIST_KEY_UIApplicationSupportsIndirectInputEvents = YES;
				INFOPLIST_KEY_UILaunchStoryboardName = LaunchScreen.storyboard;
				INFOPLIST_KEY_UIMainStoryboardFile = Main;
				INFOPLIST_KEY_UISupportedInterfaceOrientations_iPad = "UIInterfaceOrientationPortrait UIInterfaceOrientationPortraitUpsideDown UIInterfaceOrientationLandscapeLeft UIInterfaceOrientationLandscapeRight";
				INFOPLIST_KEY_UISupportedInterfaceOrientations_iPhone = "UIInterfaceOrientationPortrait UIInterfaceOrientationLandscapeLeft UIInterfaceOrientationLandscapeRight";
				IPHONEOS_DEPLOYMENT_TARGET = 11.0;
				LD_RUNPATH_SEARCH_PATHS = (
					"$(inherited)",
					"@executable_path/Frameworks",
				);
				MARKETING_VERSION = 1.0.1;
				PRODUCT_BUNDLE_IDENTIFIER = njnu.kai.KaiDemo;
				PRODUCT_NAME = "$(TARGET_NAME)";
				SWIFT_EMIT_LOC_STRINGS = YES;
				SWIFT_OBJC_BRIDGING_HEADER = "KaiDemo/App/KaiDemo-Bridging-Header.h";
				SWIFT_VERSION = 5.0;
				TARGETED_DEVICE_FAMILY = "1,2";
			};
			name = Release;
		};
		2A33206D2A023E3D0001CCA0 /* Debug */ = {
			isa = XCBuildConfiguration;
			buildSettings = {
				ALWAYS_EMBED_SWIFT_STANDARD_LIBRARIES = YES;
				BUNDLE_LOADER = "$(TEST_HOST)";
				CODE_SIGN_STYLE = Automatic;
				CURRENT_PROJECT_VERSION = 1;
				DEVELOPMENT_TEAM = A27YPEY3N3;
				GENERATE_INFOPLIST_FILE = YES;
				IPHONEOS_DEPLOYMENT_TARGET = 16.2;
				MARKETING_VERSION = 1.0;
				PRODUCT_BUNDLE_IDENTIFIER = njnu.kai.KaiDemoTests;
				PRODUCT_NAME = "$(TARGET_NAME)";
				SWIFT_EMIT_LOC_STRINGS = NO;
				TARGETED_DEVICE_FAMILY = "1,2";
				TEST_HOST = "$(BUILT_PRODUCTS_DIR)/KaiDemo.app/$(BUNDLE_EXECUTABLE_FOLDER_PATH)/KaiDemo";
			};
			name = Debug;
		};
		2A33206E2A023E3D0001CCA0 /* Release */ = {
			isa = XCBuildConfiguration;
			buildSettings = {
				ALWAYS_EMBED_SWIFT_STANDARD_LIBRARIES = YES;
				BUNDLE_LOADER = "$(TEST_HOST)";
				CODE_SIGN_STYLE = Automatic;
				CURRENT_PROJECT_VERSION = 1;
				DEVELOPMENT_TEAM = A27YPEY3N3;
				GENERATE_INFOPLIST_FILE = YES;
				IPHONEOS_DEPLOYMENT_TARGET = 16.2;
				MARKETING_VERSION = 1.0;
				PRODUCT_BUNDLE_IDENTIFIER = njnu.kai.KaiDemoTests;
				PRODUCT_NAME = "$(TARGET_NAME)";
				SWIFT_EMIT_LOC_STRINGS = NO;
				TARGETED_DEVICE_FAMILY = "1,2";
				TEST_HOST = "$(BUILT_PRODUCTS_DIR)/KaiDemo.app/$(BUNDLE_EXECUTABLE_FOLDER_PATH)/KaiDemo";
			};
			name = Release;
		};
		2A3320702A023E3D0001CCA0 /* Debug */ = {
			isa = XCBuildConfiguration;
			buildSettings = {
				ALWAYS_EMBED_SWIFT_STANDARD_LIBRARIES = YES;
				CODE_SIGN_STYLE = Automatic;
				CURRENT_PROJECT_VERSION = 1;
				DEVELOPMENT_TEAM = A27YPEY3N3;
				GENERATE_INFOPLIST_FILE = YES;
				MARKETING_VERSION = 1.0;
				PRODUCT_BUNDLE_IDENTIFIER = njnu.kai.KaiDemoUITests;
				PRODUCT_NAME = "$(TARGET_NAME)";
				SWIFT_EMIT_LOC_STRINGS = NO;
				TARGETED_DEVICE_FAMILY = "1,2";
				TEST_TARGET_NAME = KaiDemo;
			};
			name = Debug;
		};
		2A3320712A023E3D0001CCA0 /* Release */ = {
			isa = XCBuildConfiguration;
			buildSettings = {
				ALWAYS_EMBED_SWIFT_STANDARD_LIBRARIES = YES;
				CODE_SIGN_STYLE = Automatic;
				CURRENT_PROJECT_VERSION = 1;
				DEVELOPMENT_TEAM = A27YPEY3N3;
				GENERATE_INFOPLIST_FILE = YES;
				MARKETING_VERSION = 1.0;
				PRODUCT_BUNDLE_IDENTIFIER = njnu.kai.KaiDemoUITests;
				PRODUCT_NAME = "$(TARGET_NAME)";
				SWIFT_EMIT_LOC_STRINGS = NO;
				TARGETED_DEVICE_FAMILY = "1,2";
				TEST_TARGET_NAME = KaiDemo;
			};
			name = Release;
		};
/* End XCBuildConfiguration section */

/* Begin XCConfigurationList section */
		2A3320352A023E3B0001CCA0 /* Build configuration list for PBXProject "KaiDemo" */ = {
			isa = XCConfigurationList;
			buildConfigurations = (
				2A3320672A023E3D0001CCA0 /* Debug */,
				2A3320682A023E3D0001CCA0 /* Release */,
			);
			defaultConfigurationIsVisible = 0;
			defaultConfigurationName = Release;
		};
		2A3320692A023E3D0001CCA0 /* Build configuration list for PBXNativeTarget "KaiDemo" */ = {
			isa = XCConfigurationList;
			buildConfigurations = (
				2A33206A2A023E3D0001CCA0 /* Debug */,
				2A33206B2A023E3D0001CCA0 /* Release */,
			);
			defaultConfigurationIsVisible = 0;
			defaultConfigurationName = Release;
		};
		2A33206C2A023E3D0001CCA0 /* Build configuration list for PBXNativeTarget "KaiDemoTests" */ = {
			isa = XCConfigurationList;
			buildConfigurations = (
				2A33206D2A023E3D0001CCA0 /* Debug */,
				2A33206E2A023E3D0001CCA0 /* Release */,
			);
			defaultConfigurationIsVisible = 0;
			defaultConfigurationName = Release;
		};
		2A33206F2A023E3D0001CCA0 /* Build configuration list for PBXNativeTarget "KaiDemoUITests" */ = {
			isa = XCConfigurationList;
			buildConfigurations = (
				2A3320702A023E3D0001CCA0 /* Debug */,
				2A3320712A023E3D0001CCA0 /* Release */,
			);
			defaultConfigurationIsVisible = 0;
			defaultConfigurationName = Release;
		};
/* End XCConfigurationList section */
	};
	rootObject = 2A3320322A023E3B0001CCA0 /* Project object */;
}
